
Microsoft Visual Studio Solution File, Format Version 12.00
# Visual Studio Version 17
VisualStudioVersion = 17.4.33403.182
MinimumVisualStudioVersion = 10.0.40219.1
Project("{FAE04EC0-301F-11D3-BF4B-00C04F79EFBC}") = "DoAnWeb", "DoAnWeb\DoAnWeb.csproj", "{F1F948E5-3105-461F-A3D1-48AE6285FE07}"
EndProject
Global
	GlobalSection(SolutionConfigurationPlatforms) = preSolution
		Debug|Any CPU = Debug|Any CPU
		Release|Any CPU = Release|Any CPU
	EndGlobalSection
	GlobalSection(ProjectConfigurationPlatforms) = postSolution
		{F1F948E5-3105-461F-A3D1-48AE6285FE07}.Debug|Any CPU.ActiveCfg = Debug|Any CPU
		{F1F948E5-3105-461F-A3D1-48AE6285FE07}.Debug|Any CPU.Build.0 = Debug|Any CPU
		{F1F948E5-3105-461F-A3D1-48AE6285FE07}.Release|Any CPU.ActiveCfg = Release|Any CPU
		{F1F948E5-3105-461F-A3D1-48AE6285FE07}.Release|Any CPU.Build.0 = Release|Any CPU
	EndGlobalSection
	GlobalSection(SolutionProperties) = preSolution
		HideSolutionNode = FALSE
	EndGlobalSection
	GlobalSection(ExtensibilityGlobals) = postSolution
		SolutionGuid = {FC297360-3A5C-4579-B585-820DCC6B2C67}
	EndGlobalSection
EndGlobal
